// !$*UTF8*$!
{
	archiveVersion = 1;
	classes = {
	};
	objectVersion = 50;
	objects = {

/* Begin PBXBuildFile section */
		6BFBD977225A44EE00F343EA /* AppDelegate.swift in Sources */ = {isa = PBXBuildFile; fileRef = 6BFBD976225A44EE00F343EA /* AppDelegate.swift */; };
		6BFBD979225A44EE00F343EA /* ViewController.swift in Sources */ = {isa = PBXBuildFile; fileRef = 6BFBD978225A44EE00F343EA /* ViewController.swift */; };
		6BFBD97C225A44EE00F343EA /* Main.storyboard in Resources */ = {isa = PBXBuildFile; fileRef = 6BFBD97A225A44EE00F343EA /* Main.storyboard */; };
		6BFBD97E225A44F000F343EA /* Assets.xcassets in Resources */ = {isa = PBXBuildFile; fileRef = 6BFBD97D225A44F000F343EA /* Assets.xcassets */; };
		6BFBD981225A44F000F343EA /* LaunchScreen.storyboard in Resources */ = {isa = PBXBuildFile; fileRef = 6BFBD97F225A44F000F343EA /* LaunchScreen.storyboard */; };
		6BFBD98C225A44F000F343EA /* Music_PlayerTests.swift in Sources */ = {isa = PBXBuildFile; fileRef = 6BFBD98B225A44F000F343EA /* Music_PlayerTests.swift */; };
		6BFBD997225A44F000F343EA /* Music_PlayerUITests.swift in Sources */ = {isa = PBXBuildFile; fileRef = 6BFBD996225A44F000F343EA /* Music_PlayerUITests.swift */; };
/* End PBXBuildFile section */

/* Begin PBXContainerItemProxy section */
		6BFBD988225A44F000F343EA /* PBXContainerItemProxy */ = {
			isa = PBXContainerItemProxy;
			containerPortal = 6BFBD96B225A44EE00F343EA /* Project object */;
			proxyType = 1;
			remoteGlobalIDString = 6BFBD972225A44EE00F343EA;
			remoteInfo = "Music Player";
		};
		6BFBD993225A44F000F343EA /* PBXContainerItemProxy */ = {
			isa = PBXContainerItemProxy;
			containerPortal = 6BFBD96B225A44EE00F343EA /* Project object */;
			proxyType = 1;
			remoteGlobalIDString = 6BFBD972225A44EE00F343EA;
			remoteInfo = "Music Player";
		};
/* End PBXContainerItemProxy section */

/* Begin PBXFileReference section */
		6BFBD973225A44EE00F343EA /* Music Player.app */ = {isa = PBXFileReference; explicitFileType = wrapper.application; includeInIndex = 0; path = "Music Player.app"; sourceTree = BUILT_PRODUCTS_DIR; };
		6BFBD976225A44EE00F343EA /* AppDelegate.swift */ = {isa = PBXFileReference; lastKnownFileType = sourcecode.swift; path = AppDelegate.swift; sourceTree = "<group>"; };
		6BFBD978225A44EE00F343EA /* ViewController.swift */ = {isa = PBXFileReference; lastKnownFileType = sourcecode.swift; path = ViewController.swift; sourceTree = "<group>"; };
		6BFBD97B225A44EE00F343EA /* Base */ = {isa = PBXFileReference; lastKnownFileType = file.storyboard; name = Base; path = Base.lproj/Main.storyboard; sourceTree = "<group>"; };
		6BFBD97D225A44F000F343EA /* Assets.xcassets */ = {isa = PBXFileReference; lastKnownFileType = folder.assetcatalog; path = Assets.xcassets; sourceTree = "<group>"; };
		6BFBD980225A44F000F343EA /* Base */ = {isa = PBXFileReference; lastKnownFileType = file.storyboard; name = Base; path = Base.lproj/LaunchScreen.storyboard; sourceTree = "<group>"; };
		6BFBD982225A44F000F343EA /* Info.plist */ = {isa = PBXFileReference; lastKnownFileType = text.plist.xml; path = Info.plist; sourceTree = "<group>"; };
		6BFBD987225A44F000F343EA /* Music PlayerTests.xctest */ = {isa = PBXFileReference; explicitFileType = wrapper.cfbundle; includeInIndex = 0; path = "Music PlayerTests.xctest"; sourceTree = BUILT_PRODUCTS_DIR; };
		6BFBD98B225A44F000F343EA /* Music_PlayerTests.swift */ = {isa = PBXFileReference; lastKnownFileType = sourcecode.swift; path = Music_PlayerTests.swift; sourceTree = "<group>"; };
		6BFBD98D225A44F000F343EA /* Info.plist */ = {isa = PBXFileReference; lastKnownFileType = text.plist.xml; path = Info.plist; sourceTree = "<group>"; };
		6BFBD992225A44F000F343EA /* Music PlayerUITests.xctest */ = {isa = PBXFileReference; explicitFileType = wrapper.cfbundle; includeInIndex = 0; path = "Music PlayerUITests.xctest"; sourceTree = BUILT_PRODUCTS_DIR; };
		6BFBD996225A44F000F343EA /* Music_PlayerUITests.swift */ = {isa = PBXFileReference; lastKnownFileType = sourcecode.swift; path = Music_PlayerUITests.swift; sourceTree = "<group>"; };
		6BFBD998225A44F000F343EA /* Info.plist */ = {isa = PBXFileReference; lastKnownFileType = text.plist.xml; path = Info.plist; sourceTree = "<group>"; };
/* End PBXFileReference section */

/* Begin PBXFrameworksBuildPhase section */
		6BFBD970225A44EE00F343EA /* Frameworks */ = {
			isa = PBXFrameworksBuildPhase;
			buildActionMask = 2147483647;
			files = (
			);
			runOnlyForDeploymentPostprocessing = 0;
		};
		6BFBD984225A44F000F343EA /* Frameworks */ = {
			isa = PBXFrameworksBuildPhase;
			buildActionMask = 2147483647;
			files = (
			);
			runOnlyForDeploymentPostprocessing = 0;
		};
		6BFBD98F225A44F000F343EA /* Frameworks */ = {
			isa = PBXFrameworksBuildPhase;
			buildActionMask = 2147483647;
			files = (
			);
			runOnlyForDeploymentPostprocessing = 0;
		};
/* End PBXFrameworksBuildPhase section */

/* Begin PBXGroup section */
		6BFBD96A225A44EE00F343EA = {
			isa = PBXGroup;
			children = (
				6BFBD975225A44EE00F343EA /* Music Player */,
				6BFBD98A225A44F000F343EA /* Music PlayerTests */,
				6BFBD995225A44F000F343EA /* Music PlayerUITests */,
				6BFBD974225A44EE00F343EA /* Products */,
			);
			sourceTree = "<group>";
		};
		6BFBD974225A44EE00F343EA /* Products */ = {
			isa = PBXGroup;
			children = (
				6BFBD973225A44EE00F343EA /* Music Player.app */,
				6BFBD987225A44F000F343EA /* Music PlayerTests.xctest */,
				6BFBD992225A44F000F343EA /* Music PlayerUITests.xctest */,
			);
			name = Products;
			sourceTree = "<group>";
		};
		6BFBD975225A44EE00F343EA /* Music Player */ = {
			isa = PBXGroup;
			children = (
				6BFBD976225A44EE00F343EA /* AppDelegate.swift */,
				6BFBD978225A44EE00F343EA /* ViewController.swift */,
				6BFBD97A225A44EE00F343EA /* Main.storyboard */,
				6BFBD97D225A44F000F343EA /* Assets.xcassets */,
				6BFBD97F225A44F000F343EA /* LaunchScreen.storyboard */,
				6BFBD982225A44F000F343EA /* Info.plist */,
			);
			path = "Music Player";
			sourceTree = "<group>";
		};
		6BFBD98A225A44F000F343EA /* Music PlayerTests */ = {
			isa = PBXGroup;
			children = (
				6BFBD98B225A44F000F343EA /* Music_PlayerTests.swift */,
				6BFBD98D225A44F000F343EA /* Info.plist */,
			);
			path = "Music PlayerTests";
			sourceTree = "<group>";
		};
		6BFBD995225A44F000F343EA /* Music PlayerUITests */ = {
			isa = PBXGroup;
			children = (
				6BFBD996225A44F000F343EA /* Music_PlayerUITests.swift */,
				6BFBD998225A44F000F343EA /* Info.plist */,
			);
			path = "Music PlayerUITests";
			sourceTree = "<group>";
		};
/* End PBXGroup section */

/* Begin PBXNativeTarget section */
		6BFBD972225A44EE00F343EA /* Music Player */ = {
			isa = PBXNativeTarget;
			buildConfigurationList = 6BFBD99B225A44F000F343EA /* Build configuration list for PBXNativeTarget "Music Player" */;
			buildPhases = (
				6BFBD96F225A44EE00F343EA /* Sources */,
				6BFBD970225A44EE00F343EA /* Frameworks */,
				6BFBD971225A44EE00F343EA /* Resources */,
			);
			buildRules = (
			);
			dependencies = (
			);
			name = "Music Player";
			productName = "Music Player";
			productReference = 6BFBD973225A44EE00F343EA /* Music Player.app */;
			productType = "com.apple.product-type.application";
		};
		6BFBD986225A44F000F343EA /* Music PlayerTests */ = {
			isa = PBXNativeTarget;
			buildConfigurationList = 6BFBD99E225A44F000F343EA /* Build configuration list for PBXNativeTarget "Music PlayerTests" */;
			buildPhases = (
				6BFBD983225A44F000F343EA /* Sources */,
				6BFBD984225A44F000F343EA /* Frameworks */,
				6BFBD985225A44F000F343EA /* Resources */,
			);
			buildRules = (
			);
			dependencies = (
				6BFBD989225A44F000F343EA /* PBXTargetDependency */,
			);
			name = "Music PlayerTests";
			productName = "Music PlayerTests";
			productReference = 6BFBD987225A44F000F343EA /* Music PlayerTests.xctest */;
			productType = "com.apple.product-type.bundle.unit-test";
		};
		6BFBD991225A44F000F343EA /* Music PlayerUITests */ = {
			isa = PBXNativeTarget;
			buildConfigurationList = 6BFBD9A1225A44F000F343EA /* Build configuration list for PBXNativeTarget "Music PlayerUITests" */;
			buildPhases = (
				6BFBD98E225A44F000F343EA /* Sources */,
				6BFBD98F225A44F000F343EA /* Frameworks */,
				6BFBD990225A44F000F343EA /* Resources */,
			);
			buildRules = (
			);
			dependencies = (
				6BFBD994225A44F000F343EA /* PBXTargetDependency */,
			);
			name = "Music PlayerUITests";
			productName = "Music PlayerUITests";
			productReference = 6BFBD992225A44F000F343EA /* Music PlayerUITests.xctest */;
			productType = "com.apple.product-type.bundle.ui-testing";
		};
/* End PBXNativeTarget section */

/* Begin PBXProject section */
		6BFBD96B225A44EE00F343EA /* Project object */ = {
			isa = PBXProject;
			attributes = {
				LastSwiftUpdateCheck = 1020;
				LastUpgradeCheck = 1020;
				ORGANIZATIONNAME = "Alex Sanchez";
				TargetAttributes = {
					6BFBD972225A44EE00F343EA = {
						CreatedOnToolsVersion = 10.2;
					};
					6BFBD986225A44F000F343EA = {
						CreatedOnToolsVersion = 10.2;
						TestTargetID = 6BFBD972225A44EE00F343EA;
					};
					6BFBD991225A44F000F343EA = {
						CreatedOnToolsVersion = 10.2;
						TestTargetID = 6BFBD972225A44EE00F343EA;
					};
				};
			};
			buildConfigurationList = 6BFBD96E225A44EE00F343EA /* Build configuration list for PBXProject "Music Player" */;
			compatibilityVersion = "Xcode 9.3";
			developmentRegion = en;
			hasScannedForEncodings = 0;
			knownRegions = (
				en,
				Base,
			);
			mainGroup = 6BFBD96A225A44EE00F343EA;
			productRefGroup = 6BFBD974225A44EE00F343EA /* Products */;
			projectDirPath = "";
			projectRoot = "";
			targets = (
				6BFBD972225A44EE00F343EA /* Music Player */,
				6BFBD986225A44F000F343EA /* Music PlayerTests */,
				6BFBD991225A44F000F343EA /* Music PlayerUITests */,
			);
		};
/* End PBXProject section */

/* Begin PBXResourcesBuildPhase section */
		6BFBD971225A44EE00F343EA /* Resources */ = {
			isa = PBXResourcesBuildPhase;
			buildActionMask = 2147483647;
			files = (
				6BFBD981225A44F000F343EA /* LaunchScreen.storyboard in Resources */,
				6BFBD97E225A44F000F343EA /* Assets.xcassets in Resources */,
				6BFBD97C225A44EE00F343EA /* Main.storyboard in Resources */,
			);
			runOnlyForDeploymentPostprocessing = 0;
		};
		6BFBD985225A44F000F343EA /* Resources */ = {
			isa = PBXResourcesBuildPhase;
			buildActionMask = 2147483647;
			files = (
			);
			runOnlyForDeploymentPostprocessing = 0;
		};
		6BFBD990225A44F000F343EA /* Resources */ = {
			isa = PBXResourcesBuildPhase;
			buildActionMask = 2147483647;
			files = (
			);
			runOnlyForDeploymentPostprocessing = 0;
		};
/* End PBXResourcesBuildPhase section */

/* Begin PBXSourcesBuildPhase section */
		6BFBD96F225A44EE00F343EA /* Sources */ = {
			isa = PBXSourcesBuildPhase;
			buildActionMask = 2147483647;
			files = (
				6BFBD979225A44EE00F343EA /* ViewController.swift in Sources */,
				6BFBD977225A44EE00F343EA /* AppDelegate.swift in Sources */,
			);
			runOnlyForDeploymentPostprocessing = 0;
		};
		6BFBD983225A44F000F343EA /* Sources */ = {
			isa = PBXSourcesBuildPhase;
			buildActionMask = 2147483647;
			files = (
				6BFBD98C225A44F000F343EA /* Music_PlayerTests.swift in Sources */,
			);
			runOnlyForDeploymentPostprocessing = 0;
		};
		6BFBD98E225A44F000F343EA /* Sources */ = {
			isa = PBXSourcesBuildPhase;
			buildActionMask = 2147483647;
			files = (
				6BFBD997225A44F000F343EA /* Music_PlayerUITests.swift in Sources */,
			);
			runOnlyForDeploymentPostprocessing = 0;
		};
/* End PBXSourcesBuildPhase section */

/* Begin PBXTargetDependency section */
		6BFBD989225A44F000F343EA /* PBXTargetDependency */ = {
			isa = PBXTargetDependency;
			target = 6BFBD972225A44EE00F343EA /* Music Player */;
			targetProxy = 6BFBD988225A44F000F343EA /* PBXContainerItemProxy */;
		};
		6BFBD994225A44F000F343EA /* PBXTargetDependency */ = {
			isa = PBXTargetDependency;
			target = 6BFBD972225A44EE00F343EA /* Music Player */;
			targetProxy = 6BFBD993225A44F000F343EA /* PBXContainerItemProxy */;
		};
/* End PBXTargetDependency section */

/* Begin PBXVariantGroup section */
		6BFBD97A225A44EE00F343EA /* Main.storyboard */ = {
			isa = PBXVariantGroup;
			children = (
				6BFBD97B225A44EE00F343EA /* Base */,
			);
			name = Main.storyboard;
			sourceTree = "<group>";
		};
		6BFBD97F225A44F000F343EA /* LaunchScreen.storyboard */ = {
			isa = PBXVariantGroup;
			children = (
				6BFBD980225A44F000F343EA /* Base */,
			);
			name = LaunchScreen.storyboard;
			sourceTree = "<group>";
		};
/* End PBXVariantGroup section */

/* Begin XCBuildConfiguration section */
		6BFBD999225A44F000F343EA /* Debug */ = {
			isa = XCBuildConfiguration;
			buildSettings = {
				ALWAYS_SEARCH_USER_PATHS = NO;
				CLANG_ANALYZER_NONNULL = YES;
				CLANG_ANALYZER_NUMBER_OBJECT_CONVERSION = YES_AGGRESSIVE;
				CLANG_CXX_LANGUAGE_STANDARD = "gnu++14";
				CLANG_CXX_LIBRARY = "libc++";
				CLANG_ENABLE_MODULES = YES;
				CLANG_ENABLE_OBJC_ARC = YES;
				CLANG_ENABLE_OBJC_WEAK = YES;
				CLANG_WARN_BLOCK_CAPTURE_AUTORELEASING = YES;
				CLANG_WARN_BOOL_CONVERSION = YES;
				CLANG_WARN_COMMA = YES;
				CLANG_WARN_CONSTANT_CONVERSION = YES;
				CLANG_WARN_DEPRECATED_OBJC_IMPLEMENTATIONS = YES;
				CLANG_WARN_DIRECT_OBJC_ISA_USAGE = YES_ERROR;
				CLANG_WARN_DOCUMENTATION_COMMENTS = YES;
				CLANG_WARN_EMPTY_BODY = YES;
				CLANG_WARN_ENUM_CONVERSION = YES;
				CLANG_WARN_INFINITE_RECURSION = YES;
				CLANG_WARN_INT_CONVERSION = YES;
				CLANG_WARN_NON_LITERAL_NULL_CONVERSION = YES;
				CLANG_WARN_OBJC_IMPLICIT_RETAIN_SELF = YES;
				CLANG_WARN_OBJC_LITERAL_CONVERSION = YES;
				CLANG_WARN_OBJC_ROOT_CLASS = YES_ERROR;
				CLANG_WARN_RANGE_LOOP_ANALYSIS = YES;
				CLANG_WARN_STRICT_PROTOTYPES = YES;
				CLANG_WARN_SUSPICIOUS_MOVE = YES;
				CLANG_WARN_UNGUARDED_AVAILABILITY = YES_AGGRESSIVE;
				CLANG_WARN_UNREACHABLE_CODE = YES;
				CLANG_WARN__DUPLICATE_METHOD_MATCH = YES;
				CODE_SIGN_IDENTITY = "iPhone Developer";
				COPY_PHASE_STRIP = NO;
				DEBUG_INFORMATION_FORMAT = dwarf;
				ENABLE_STRICT_OBJC_MSGSEND = YES;
				ENABLE_TESTABILITY = YES;
				GCC_C_LANGUAGE_STANDARD = gnu11;
				GCC_DYNAMIC_NO_PIC = NO;
				GCC_NO_COMMON_BLOCKS = YES;
				GCC_OPTIMIZATION_LEVEL = 0;
				GCC_PREPROCESSOR_DEFINITIONS = (
					"DEBUG=1",
					"$(inherited)",
				);
				GCC_WARN_64_TO_32_BIT_CONVERSION = YES;
				GCC_WARN_ABOUT_RETURN_TYPE = YES_ERROR;
				GCC_WARN_UNDECLARED_SELECTOR = YES;
				GCC_WARN_UNINITIALIZED_AUTOS = YES_AGGRESSIVE;
				GCC_WARN_UNUSED_FUNCTION = YES;
				GCC_WARN_UNUSED_VARIABLE = YES;
				IPHONEOS_DEPLOYMENT_TARGET = 12.2;
				MTL_ENABLE_DEBUG_INFO = INCLUDE_SOURCE;
				MTL_FAST_MATH = YES;
				ONLY_ACTIVE_ARCH = YES;
				SDKROOT = iphoneos;
				SWIFT_ACTIVE_COMPILATION_CONDITIONS = DEBUG;
				SWIFT_OPTIMIZATION_LEVEL = "-Onone";
			};
			name = Debug;
		};
		6BFBD99A225A44F000F343EA /* Release */ = {
			isa = XCBuildConfiguration;
			buildSettings = {
				ALWAYS_SEARCH_USER_PATHS = NO;
				CLANG_ANALYZER_NONNULL = YES;
				CLANG_ANALYZER_NUMBER_OBJECT_CONVERSION = YES_AGGRESSIVE;
				CLANG_CXX_LANGUAGE_STANDARD = "gnu++14";
				CLANG_CXX_LIBRARY = "libc++";
				CLANG_ENABLE_MODULES = YES;
				CLANG_ENABLE_OBJC_ARC = YES;
				CLANG_ENABLE_OBJC_WEAK = YES;
				CLANG_WARN_BLOCK_CAPTURE_AUTORELEASING = YES;
				CLANG_WARN_BOOL_CONVERSION = YES;
				CLANG_WARN_COMMA = YES;
				CLANG_WARN_CONSTANT_CONVERSION = YES;
				CLANG_WARN_DEPRECATED_OBJC_IMPLEMENTATIONS = YES;
				CLANG_WARN_DIRECT_OBJC_ISA_USAGE = YES_ERROR;
				CLANG_WARN_DOCUMENTATION_COMMENTS = YES;
				CLANG_WARN_EMPTY_BODY = YES;
				CLANG_WARN_ENUM_CONVERSION = YES;
				CLANG_WARN_INFINITE_RECURSION = YES;
				CLANG_WARN_INT_CONVERSION = YES;
				CLANG_WARN_NON_LITERAL_NULL_CONVERSION = YES;
				CLANG_WARN_OBJC_IMPLICIT_RETAIN_SELF = YES;
				CLANG_WARN_OBJC_LITERAL_CONVERSION = YES;
				CLANG_WARN_OBJC_ROOT_CLASS = YES_ERROR;
				CLANG_WARN_RANGE_LOOP_ANALYSIS = YES;
				CLANG_WARN_STRICT_PROTOTYPES = YES;
				CLANG_WARN_SUSPICIOUS_MOVE = YES;
				CLANG_WARN_UNGUARDED_AVAILABILITY = YES_AGGRESSIVE;
				CLANG_WARN_UNREACHABLE_CODE = YES;
				CLANG_WARN__DUPLICATE_METHOD_MATCH = YES;
				CODE_SIGN_IDENTITY = "iPhone Developer";
				COPY_PHASE_STRIP = NO;
				DEBUG_INFORMATION_FORMAT = "dwarf-with-dsym";
				ENABLE_NS_ASSERTIONS = NO;
				ENABLE_STRICT_OBJC_MSGSEND = YES;
				GCC_C_LANGUAGE_STANDARD = gnu11;
				GCC_NO_COMMON_BLOCKS = YES;
				GCC_WARN_64_TO_32_BIT_CONVERSION = YES;
				GCC_WARN_ABOUT_RETURN_TYPE = YES_ERROR;
				GCC_WARN_UNDECLARED_SELECTOR = YES;
				GCC_WARN_UNINITIALIZED_AUTOS = YES_AGGRESSIVE;
				GCC_WARN_UNUSED_FUNCTION = YES;
				GCC_WARN_UNUSED_VARIABLE = YES;
				IPHONEOS_DEPLOYMENT_TARGET = 12.2;
				MTL_ENABLE_DEBUG_INFO = NO;
				MTL_FAST_MATH = YES;
				SDKROOT = iphoneos;
				SWIFT_COMPILATION_MODE = wholemodule;
				SWIFT_OPTIMIZATION_LEVEL = "-O";
				VALIDATE_PRODUCT = YES;
			};
			name = Release;
		};
		6BFBD99C225A44F000F343EA /* Debug */ = {
			isa = XCBuildConfiguration;
			buildSettings = {
				ASSETCATALOG_COMPILER_APPICON_NAME = AppIcon;
				CODE_SIGN_STYLE = Automatic;
				DEVELOPMENT_TEAM = 8W5AVL698N;
				INFOPLIST_FILE = "Music Player/Info.plist";
				LD_RUNPATH_SEARCH_PATHS = (
					"$(inherited)",
					"@executable_path/Frameworks",
				);
				PRODUCT_BUNDLE_IDENTIFIER = "Co.alexsanchez.Music-Player";
				PRODUCT_NAME = "$(TARGET_NAME)";
				SWIFT_VERSION = 5.0;
				TARGETED_DEVICE_FAMILY = "1,2";
			};
			name = Debug;
		};
		6BFBD99D225A44F000F343EA /* Release */ = {
			isa = XCBuildConfiguration;
			buildSettings = {
				ASSETCATALOG_COMPILER_APPICON_NAME = AppIcon;
				CODE_SIGN_STYLE = Automatic;
				DEVELOPMENT_TEAM = 8W5AVL698N;
				INFOPLIST_FILE = "Music Player/Info.plist";
				LD_RUNPATH_SEARCH_PATHS = (
					"$(inherited)",
					"@executable_path/Frameworks",
				);
				PRODUCT_BUNDLE_IDENTIFIER = "Co.alexsanchez.Music-Player";
				PRODUCT_NAME = "$(TARGET_NAME)";
				SWIFT_VERSION = 5.0;
				TARGETED_DEVICE_FAMILY = "1,2";
			};
			name = Release;
		};
		6BFBD99F225A44F000F343EA /* Debug */ = {
			isa = XCBuildConfiguration;
			buildSettings = {
				ALWAYS_EMBED_SWIFT_STANDARD_LIBRARIES = YES;
				BUNDLE_LOADER = "$(TEST_HOST)";
				CODE_SIGN_STYLE = Automatic;
				DEVELOPMENT_TEAM = 8W5AVL698N;
				INFOPLIST_FILE = "Music PlayerTests/Info.plist";
				LD_RUNPATH_SEARCH_PATHS = (
					"$(inherited)",
					"@executable_path/Frameworks",
					"@loader_path/Frameworks",
				);
				PRODUCT_BUNDLE_IDENTIFIER = "Co.alexsanchez.Music-PlayerTests";
				PRODUCT_NAME = "$(TARGET_NAME)";
				SWIFT_VERSION = 5.0;
				TARGETED_DEVICE_FAMILY = "1,2";
				TEST_HOST = "$(BUILT_PRODUCTS_DIR)/Music Player.app/Music Player";
			};
			name = Debug;
		};
		6BFBD9A0225A44F000F343EA /* Release */ = {
			isa = XCBuildConfiguration;
			buildSettings = {
				ALWAYS_EMBED_SWIFT_STANDARD_LIBRARIES = YES;
				BUNDLE_LOADER = "$(TEST_HOST)";
				CODE_SIGN_STYLE = Automatic;
				DEVELOPMENT_TEAM = 8W5AVL698N;
				INFOPLIST_FILE = "Music PlayerTests/Info.plist";
				LD_RUNPATH_SEARCH_PATHS = (
					"$(inherited)",
					"@executable_path/Frameworks",
					"@loader_path/Frameworks",
				);
				PRODUCT_BUNDLE_IDENTIFIER = "Co.alexsanchez.Music-PlayerTests";
				PRODUCT_NAME = "$(TARGET_NAME)";
				SWIFT_VERSION = 5.0;
				TARGETED_DEVICE_FAMILY = "1,2";
				TEST_HOST = "$(BUILT_PRODUCTS_DIR)/Music Player.app/Music Player";
			};
			name = Release;
		};
		6BFBD9A2225A44F000F343EA /* Debug */ = {
			isa = XCBuildConfiguration;
			buildSettings = {
				ALWAYS_EMBED_SWIFT_STANDARD_LIBRARIES = YES;
				CODE_SIGN_STYLE = Automatic;
				DEVELOPMENT_TEAM = 8W5AVL698N;
				INFOPLIST_FILE = "Music PlayerUITests/Info.plist";
				LD_RUNPATH_SEARCH_PATHS = (
					"$(inherited)",
					"@executable_path/Frameworks",
					"@loader_path/Frameworks",
				);
				PRODUCT_BUNDLE_IDENTIFIER = "Co.alexsanchez.Music-PlayerUITests";
				PRODUCT_NAME = "$(TARGET_NAME)";
				SWIFT_VERSION = 5.0;
				TARGETED_DEVICE_FAMILY = "1,2";
				TEST_TARGET_NAME = "Music Player";
			};
			name = Debug;
		};
		6BFBD9A3225A44F000F343EA /* Release */ = {
			isa = XCBuildConfiguration;
			buildSettings = {
				ALWAYS_EMBED_SWIFT_STANDARD_LIBRARIES = YES;
				CODE_SIGN_STYLE = Automatic;
				DEVELOPMENT_TEAM = 8W5AVL698N;
				INFOPLIST_FILE = "Music PlayerUITests/Info.plist";
				LD_RUNPATH_SEARCH_PATHS = (
					"$(inherited)",
					"@executable_path/Frameworks",
					"@loader_path/Frameworks",
				);
				PRODUCT_BUNDLE_IDENTIFIER = "Co.alexsanchez.Music-PlayerUITests";
				PRODUCT_NAME = "$(TARGET_NAME)";
				SWIFT_VERSION = 5.0;
				TARGETED_DEVICE_FAMILY = "1,2";
				TEST_TARGET_NAME = "Music Player";
			};
			name = Release;
		};
/* End XCBuildConfiguration section */

/* Begin XCConfigurationList section */
		6BFBD96E225A44EE00F343EA /* Build configuration list for PBXProject "Music Player" */ = {
			isa = XCConfigurationList;
			buildConfigurations = (
				6BFBD999225A44F000F343EA /* Debug */,
				6BFBD99A225A44F000F343EA /* Release */,
			);
			defaultConfigurationIsVisible = 0;
			defaultConfigurationName = Release;
		};
		6BFBD99B225A44F000F343EA /* Build configuration list for PBXNativeTarget "Music Player" */ = {
			isa = XCConfigurationList;
			buildConfigurations = (
				6BFBD99C225A44F000F343EA /* Debug */,
				6BFBD99D225A44F000F343EA /* Release */,
			);
			defaultConfigurationIsVisible = 0;
			defaultConfigurationName = Release;
		};
		6BFBD99E225A44F000F343EA /* Build configuration list for PBXNativeTarget "Music PlayerTests" */ = {
			isa = XCConfigurationList;
			buildConfigurations = (
				6BFBD99F225A44F000F343EA /* Debug */,
				6BFBD9A0225A44F000F343EA /* Release */,
			);
			defaultConfigurationIsVisible = 0;
			defaultConfigurationName = Release;
		};
		6BFBD9A1225A44F000F343EA /* Build configuration list for PBXNativeTarget "Music PlayerUITests" */ = {
			isa = XCConfigurationList;
			buildConfigurations = (
				6BFBD9A2225A44F000F343EA /* Debug */,
				6BFBD9A3225A44F000F343EA /* Release */,
			);
			defaultConfigurationIsVisible = 0;
			defaultConfigurationName = Release;
		};
/* End XCConfigurationList section */
	};
	rootObject = 6BFBD96B225A44EE00F343EA /* Project object */;
}
